// !$*UTF8*$!
{
	archiveVersion = 1;
	classes = {
	};
	objectVersion = 46;
	objects = {

/* Begin PBXBuildFile section */
		4638051E1C6213B4003484E8 /* AppDelegate.swift in Sources */ = {isa = PBXBuildFile; fileRef = 4638051D1C6213B4003484E8 /* AppDelegate.swift */; };
		463805201C6213B4003484E8 /* ViewController.swift in Sources */ = {isa = PBXBuildFile; fileRef = 4638051F1C6213B4003484E8 /* ViewController.swift */; };
		463805231C6213B4003484E8 /* Main.storyboard in Resources */ = {isa = PBXBuildFile; fileRef = 463805211C6213B4003484E8 /* Main.storyboard */; };
		463805251C6213B4003484E8 /* Assets.xcassets in Resources */ = {isa = PBXBuildFile; fileRef = 463805241C6213B4003484E8 /* Assets.xcassets */; };
		463805281C6213B4003484E8 /* LaunchScreen.storyboard in Resources */ = {isa = PBXBuildFile; fileRef = 463805261C6213B4003484E8 /* LaunchScreen.storyboard */; };
		463805311C621B16003484E8 /* github.com.cer in Resources */ = {isa = PBXBuildFile; fileRef = 463805301C621B16003484E8 /* github.com.cer */; };
		CF113521FA8FFF30A279D518 /* Pods_SSL_Pinning.framework in Frameworks */ = {isa = PBXBuildFile; fileRef = B5DD18964A5BFDEA797B1C5E /* Pods_SSL_Pinning.framework */; };
/* End PBXBuildFile section */

/* Begin PBXFileReference section */
		03AA085EC0044A1826ECFE14 /* Pods-SSL-Pinning.debug.xcconfig */ = {isa = PBXFileReference; includeInIndex = 1; lastKnownFileType = text.xcconfig; name = "Pods-SSL-Pinning.debug.xcconfig"; path = "Pods/Target Support Files/Pods-SSL-Pinning/Pods-SSL-Pinning.debug.xcconfig"; sourceTree = "<group>"; };
		4638051A1C6213B4003484E8 /* SSL-Pinning.app */ = {isa = PBXFileReference; explicitFileType = wrapper.application; includeInIndex = 0; path = "SSL-Pinning.app"; sourceTree = BUILT_PRODUCTS_DIR; };
		4638051D1C6213B4003484E8 /* AppDelegate.swift */ = {isa = PBXFileReference; lastKnownFileType = sourcecode.swift; path = AppDelegate.swift; sourceTree = "<group>"; };
		4638051F1C6213B4003484E8 /* ViewController.swift */ = {isa = PBXFileReference; lastKnownFileType = sourcecode.swift; path = ViewController.swift; sourceTree = "<group>"; };
		463805221C6213B4003484E8 /* Base */ = {isa = PBXFileReference; lastKnownFileType = file.storyboard; name = Base; path = Base.lproj/Main.storyboard; sourceTree = "<group>"; };
		463805241C6213B4003484E8 /* Assets.xcassets */ = {isa = PBXFileReference; lastKnownFileType = folder.assetcatalog; path = Assets.xcassets; sourceTree = "<group>"; };
		463805271C6213B4003484E8 /* Base */ = {isa = PBXFileReference; lastKnownFileType = file.storyboard; name = Base; path = Base.lproj/LaunchScreen.storyboard; sourceTree = "<group>"; };
		463805291C6213B4003484E8 /* Info.plist */ = {isa = PBXFileReference; lastKnownFileType = text.plist.xml; path = Info.plist; sourceTree = "<group>"; };
		463805301C621B16003484E8 /* github.com.cer */ = {isa = PBXFileReference; lastKnownFileType = file; path = github.com.cer; sourceTree = "<group>"; };
		B5DD18964A5BFDEA797B1C5E /* Pods_SSL_Pinning.framework */ = {isa = PBXFileReference; explicitFileType = wrapper.framework; includeInIndex = 0; path = Pods_SSL_Pinning.framework; sourceTree = BUILT_PRODUCTS_DIR; };
		C808BD1F09052AE4F5C5862A /* Pods-SSL-Pinning.release.xcconfig */ = {isa = PBXFileReference; includeInIndex = 1; lastKnownFileType = text.xcconfig; name = "Pods-SSL-Pinning.release.xcconfig"; path = "Pods/Target Support Files/Pods-SSL-Pinning/Pods-SSL-Pinning.release.xcconfig"; sourceTree = "<group>"; };
/* End PBXFileReference section */

/* Begin PBXFrameworksBuildPhase section */
		463805171C6213B4003484E8 /* Frameworks */ = {
			isa = PBXFrameworksBuildPhase;
			buildActionMask = 2147483647;
			files = (
				CF113521FA8FFF30A279D518 /* Pods_SSL_Pinning.framework in Frameworks */,
			);
			runOnlyForDeploymentPostprocessing = 0;
		};
/* End PBXFrameworksBuildPhase section */

/* Begin PBXGroup section */
		2D4AB41F5B126C80A80110B8 /* Pods */ = {
			isa = PBXGroup;
			children = (
				03AA085EC0044A1826ECFE14 /* Pods-SSL-Pinning.debug.xcconfig */,
				C808BD1F09052AE4F5C5862A /* Pods-SSL-Pinning.release.xcconfig */,
			);
			name = Pods;
			sourceTree = "<group>";
		};
		463805111C6213B4003484E8 = {
			isa = PBXGroup;
			children = (
				4638052F1C621B16003484E8 /* Resouces */,
				4638051C1C6213B4003484E8 /* SSL-Pinning */,
				4638051B1C6213B4003484E8 /* Products */,
				2D4AB41F5B126C80A80110B8 /* Pods */,
				90034B516BD280E335389B13 /* Frameworks */,
			);
			sourceTree = "<group>";
		};
		4638051B1C6213B4003484E8 /* Products */ = {
			isa = PBXGroup;
			children = (
				4638051A1C6213B4003484E8 /* SSL-Pinning.app */,
			);
			name = Products;
			sourceTree = "<group>";
		};
		4638051C1C6213B4003484E8 /* SSL-Pinning */ = {
			isa = PBXGroup;
			children = (
				4638051D1C6213B4003484E8 /* AppDelegate.swift */,
				4638051F1C6213B4003484E8 /* ViewController.swift */,
				463805211C6213B4003484E8 /* Main.storyboard */,
				463805241C6213B4003484E8 /* Assets.xcassets */,
				463805261C6213B4003484E8 /* LaunchScreen.storyboard */,
				463805291C6213B4003484E8 /* Info.plist */,
			);
			path = "SSL-Pinning";
			sourceTree = "<group>";
		};
		4638052F1C621B16003484E8 /* Resouces */ = {
			isa = PBXGroup;
			children = (
				463805301C621B16003484E8 /* github.com.cer */,
			);
			name = Resouces;
			path = Resources;
			sourceTree = "<group>";
		};
		90034B516BD280E335389B13 /* Frameworks */ = {
			isa = PBXGroup;
			children = (
				B5DD18964A5BFDEA797B1C5E /* Pods_SSL_Pinning.framework */,
			);
			name = Frameworks;
			sourceTree = "<group>";
		};
/* End PBXGroup section */

/* Begin PBXNativeTarget section */
		463805191C6213B4003484E8 /* SSL-Pinning */ = {
			isa = PBXNativeTarget;
			buildConfigurationList = 4638052C1C6213B4003484E8 /* Build configuration list for PBXNativeTarget "SSL-Pinning" */;
			buildPhases = (
				82DA7833CC55F2EF28175C10 /* Check Pods Manifest.lock */,
				463805161C6213B4003484E8 /* Sources */,
				463805171C6213B4003484E8 /* Frameworks */,
				463805181C6213B4003484E8 /* Resources */,
				83A08047E026B24800169626 /* Embed Pods Frameworks */,
				97E188DB104DE1C65904835A /* Copy Pods Resources */,
			);
			buildRules = (
			);
			dependencies = (
			);
			name = "SSL-Pinning";
			productName = "SSL-Pinning";
			productReference = 4638051A1C6213B4003484E8 /* SSL-Pinning.app */;
			productType = "com.apple.product-type.application";
		};
/* End PBXNativeTarget section */

/* Begin PBXProject section */
		463805121C6213B4003484E8 /* Project object */ = {
			isa = PBXProject;
			attributes = {
				LastSwiftUpdateCheck = 0720;
				LastUpgradeCheck = 0720;
				ORGANIZATIONNAME = "Ante Karin";
				TargetAttributes = {
					463805191C6213B4003484E8 = {
						CreatedOnToolsVersion = 7.2;
					};
				};
			};
			buildConfigurationList = 463805151C6213B4003484E8 /* Build configuration list for PBXProject "SSL-Pinning" */;
			compatibilityVersion = "Xcode 3.2";
			developmentRegion = English;
			hasScannedForEncodings = 0;
			knownRegions = (
				en,
				Base,
			);
			mainGroup = 463805111C6213B4003484E8;
			productRefGroup = 4638051B1C6213B4003484E8 /* Products */;
			projectDirPath = "";
			projectRoot = "";
			targets = (
				463805191C6213B4003484E8 /* SSL-Pinning */,
			);
		};
/* End PBXProject section */

/* Begin PBXResourcesBuildPhase section */
		463805181C6213B4003484E8 /* Resources */ = {
			isa = PBXResourcesBuildPhase;
			buildActionMask = 2147483647;
			files = (
				463805281C6213B4003484E8 /* LaunchScreen.storyboard in Resources */,
				463805251C6213B4003484E8 /* Assets.xcassets in Resources */,
				463805311C621B16003484E8 /* github.com.cer in Resources */,
				463805231C6213B4003484E8 /* Main.storyboard in Resources */,
			);
			runOnlyForDeploymentPostprocessing = 0;
		};
/* End PBXResourcesBuildPhase section */

/* Begin PBXShellScriptBuildPhase section */
		82DA7833CC55F2EF28175C10 /* Check Pods Manifest.lock */ = {
			isa = PBXShellScriptBuildPhase;
			buildActionMask = 2147483647;
			files = (
			);
			inputPaths = (
			);
			name = "Check Pods Manifest.lock";
			outputPaths = (
			);
			runOnlyForDeploymentPostprocessing = 0;
			shellPath = /bin/sh;
			shellScript = "diff \"${PODS_ROOT}/../Podfile.lock\" \"${PODS_ROOT}/Manifest.lock\" > /dev/null\nif [[ $? != 0 ]] ; then\n    cat << EOM\nerror: The sandbox is not in sync with the Podfile.lock. Run 'pod install' or update your CocoaPods installation.\nEOM\n    exit 1\nfi\n";
			showEnvVarsInLog = 0;
		};
		83A08047E026B24800169626 /* Embed Pods Frameworks */ = {
			isa = PBXShellScriptBuildPhase;
			buildActionMask = 2147483647;
			files = (
			);
			inputPaths = (
			);
			name = "Embed Pods Frameworks";
			outputPaths = (
			);
			runOnlyForDeploymentPostprocessing = 0;
			shellPath = /bin/sh;
			shellScript = "\"${SRCROOT}/Pods/Target Support Files/Pods-SSL-Pinning/Pods-SSL-Pinning-frameworks.sh\"\n";
			showEnvVarsInLog = 0;
		};
		97E188DB104DE1C65904835A /* Copy Pods Resources */ = {
			isa = PBXShellScriptBuildPhase;
			buildActionMask = 2147483647;
			files = (
			);
			inputPaths = (
			);
			name = "Copy Pods Resources";
			outputPaths = (
			);
			runOnlyForDeploymentPostprocessing = 0;
			shellPath = /bin/sh;
			shellScript = "\"${SRCROOT}/Pods/Target Support Files/Pods-SSL-Pinning/Pods-SSL-Pinning-resources.sh\"\n";
			showEnvVarsInLog = 0;
		};
/* End PBXShellScriptBuildPhase section */

/* Begin PBXSourcesBuildPhase section */
		463805161C6213B4003484E8 /* Sources */ = {
			isa = PBXSourcesBuildPhase;
			buildActionMask = 2147483647;
			files = (
				463805201C6213B4003484E8 /* ViewController.swift in Sources */,
				4638051E1C6213B4003484E8 /* AppDelegate.swift in Sources */,
			);
			runOnlyForDeploymentPostprocessing = 0;
		};
/* End PBXSourcesBuildPhase section */

/* Begin PBXVariantGroup section */
		463805211C6213B4003484E8 /* Main.storyboard */ = {
			isa = PBXVariantGroup;
			children = (
				463805221C6213B4003484E8 /* Base */,
			);
			name = Main.storyboard;
			sourceTree = "<group>";
		};
		463805261C6213B4003484E8 /* LaunchScreen.storyboard */ = {
			isa = PBXVariantGroup;
			children = (
				463805271C6213B4003484E8 /* Base */,
			);
			name = LaunchScreen.storyboard;
			sourceTree = "<group>";
		};
/* End PBXVariantGroup section */

/* Begin XCBuildConfiguration section */
		4638052A1C6213B4003484E8 /* Debug */ = {
			isa = XCBuildConfiguration;
			buildSettings = {
				ALWAYS_SEARCH_USER_PATHS = NO;
				CLANG_CXX_LANGUAGE_STANDARD = "gnu++0x";
				CLANG_CXX_LIBRARY = "libc++";
				CLANG_ENABLE_MODULES = YES;
				CLANG_ENABLE_OBJC_ARC = YES;
				CLANG_WARN_BOOL_CONVERSION = YES;
				CLANG_WARN_CONSTANT_CONVERSION = YES;
				CLANG_WARN_DIRECT_OBJC_ISA_USAGE = YES_ERROR;
				CLANG_WARN_EMPTY_BODY = YES;
				CLANG_WARN_ENUM_CONVERSION = YES;
				CLANG_WARN_INT_CONVERSION = YES;
				CLANG_WARN_OBJC_ROOT_CLASS = YES_ERROR;
				CLANG_WARN_UNREACHABLE_CODE = YES;
				CLANG_WARN__DUPLICATE_METHOD_MATCH = YES;
				"CODE_SIGN_IDENTITY[sdk=iphoneos*]" = "iPhone Developer";
				COPY_PHASE_STRIP = NO;
				DEBUG_INFORMATION_FORMAT = dwarf;
				ENABLE_STRICT_OBJC_MSGSEND = YES;
				ENABLE_TESTABILITY = YES;
				GCC_C_LANGUAGE_STANDARD = gnu99;
				GCC_DYNAMIC_NO_PIC = NO;
				GCC_NO_COMMON_BLOCKS = YES;
				GCC_OPTIMIZATION_LEVEL = 0;
				GCC_PREPROCESSOR_DEFINITIONS = (
					"DEBUG=1",
					"$(inherited)",
				);
				GCC_WARN_64_TO_32_BIT_CONVERSION = YES;
				GCC_WARN_ABOUT_RETURN_TYPE = YES_ERROR;
				GCC_WARN_UNDECLARED_SELECTOR = YES;
				GCC_WARN_UNINITIALIZED_AUTOS = YES_AGGRESSIVE;
				GCC_WARN_UNUSED_FUNCTION = YES;
				GCC_WARN_UNUSED_VARIABLE = YES;
				IPHONEOS_DEPLOYMENT_TARGET = 9.2;
				MTL_ENABLE_DEBUG_INFO = YES;
				ONLY_ACTIVE_ARCH = YES;
				SDKROOT = iphoneos;
				SWIFT_OPTIMIZATION_LEVEL = "-Onone";
			};
			name = Debug;
		};
		4638052B1C6213B4003484E8 /* Release */ = {
			isa = XCBuildConfiguration;
			buildSettings = {
				ALWAYS_SEARCH_USER_PATHS = NO;
				CLANG_CXX_LANGUAGE_STANDARD = "gnu++0x";
				CLANG_CXX_LIBRARY = "libc++";
				CLANG_ENABLE_MODULES = YES;
				CLANG_ENABLE_OBJC_ARC = YES;
				CLANG_WARN_BOOL_CONVERSION = YES;
				CLANG_WARN_CONSTANT_CONVERSION = YES;
				CLANG_WARN_DIRECT_OBJC_ISA_USAGE = YES_ERROR;
				CLANG_WARN_EMPTY_BODY = YES;
				CLANG_WARN_ENUM_CONVERSION = YES;
				CLANG_WARN_INT_CONVERSION = YES;
				CLANG_WARN_OBJC_ROOT_CLASS = YES_ERROR;
				CLANG_WARN_UNREACHABLE_CODE = YES;
				CLANG_WARN__DUPLICATE_METHOD_MATCH = YES;
				"CODE_SIGN_IDENTITY[sdk=iphoneos*]" = "iPhone Developer";
				COPY_PHASE_STRIP = NO;
				DEBUG_INFORMATION_FORMAT = "dwarf-with-dsym";
				ENABLE_NS_ASSERTIONS = NO;
				ENABLE_STRICT_OBJC_MSGSEND = YES;
				GCC_C_LANGUAGE_STANDARD = gnu99;
				GCC_NO_COMMON_BLOCKS = YES;
				GCC_WARN_64_TO_32_BIT_CONVERSION = YES;
				GCC_WARN_ABOUT_RETURN_TYPE = YES_ERROR;
				GCC_WARN_UNDECLARED_SELECTOR = YES;
				GCC_WARN_UNINITIALIZED_AUTOS = YES_AGGRESSIVE;
				GCC_WARN_UNUSED_FUNCTION = YES;
				GCC_WARN_UNUSED_VARIABLE = YES;
				IPHONEOS_DEPLOYMENT_TARGET = 9.2;
				MTL_ENABLE_DEBUG_INFO = NO;
				SDKROOT = iphoneos;
				VALIDATE_PRODUCT = YES;
			};
			name = Release;
		};
		4638052D1C6213B4003484E8 /* Debug */ = {
			isa = XCBuildConfiguration;
			baseConfigurationReference = 03AA085EC0044A1826ECFE14 /* Pods-SSL-Pinning.debug.xcconfig */;
			buildSettings = {
				ASSETCATALOG_COMPILER_APPICON_NAME = AppIcon;
				INFOPLIST_FILE = "SSL-Pinning/Info.plist";
				LD_RUNPATH_SEARCH_PATHS = "$(inherited) @executable_path/Frameworks";
				PRODUCT_BUNDLE_IDENTIFIER = "hr.ante.SSL-Pinning";
				PRODUCT_NAME = "$(TARGET_NAME)";
			};
			name = Debug;
		};
		4638052E1C6213B4003484E8 /* Release */ = {
			isa = XCBuildConfiguration;
			baseConfigurationReference = C808BD1F09052AE4F5C5862A /* Pods-SSL-Pinning.release.xcconfig */;
			buildSettings = {
				ASSETCATALOG_COMPILER_APPICON_NAME = AppIcon;
				INFOPLIST_FILE = "SSL-Pinning/Info.plist";
				LD_RUNPATH_SEARCH_PATHS = "$(inherited) @executable_path/Frameworks";
				PRODUCT_BUNDLE_IDENTIFIER = "hr.ante.SSL-Pinning";
				PRODUCT_NAME = "$(TARGET_NAME)";
			};
			name = Release;
		};
/* End XCBuildConfiguration section */

/* Begin XCConfigurationList section */
		463805151C6213B4003484E8 /* Build configuration list for PBXProject "SSL-Pinning" */ = {
			isa = XCConfigurationList;
			buildConfigurations = (
				4638052A1C6213B4003484E8 /* Debug */,
				4638052B1C6213B4003484E8 /* Release */,
			);
			defaultConfigurationIsVisible = 0;
			defaultConfigurationName = Release;
		};
		4638052C1C6213B4003484E8 /* Build configuration list for PBXNativeTarget "SSL-Pinning" */ = {
			isa = XCConfigurationList;
			buildConfigurations = (
				4638052D1C6213B4003484E8 /* Debug */,
				4638052E1C6213B4003484E8 /* Release */,
			);
			defaultConfigurationIsVisible = 0;
			defaultConfigurationName = Release;
		};
/* End XCConfigurationList section */
	};
	rootObject = 463805121C6213B4003484E8 /* Project object */;
}
